// !$*UTF8*$!
{
	archiveVersion = 1;
	classes = {
	};
	objectVersion = 50;
	objects = {

/* Begin PBXBuildFile section */
		210329C9214B920600280DF8 /* cc.sh in Resources */ = {isa = PBXBuildFile; fileRef = 210329C8214B920600280DF8 /* cc.sh */; };
		210329D3214BAAE000280DF8 /* brewc.sh in Resources */ = {isa = PBXBuildFile; fileRef = 210329D2214BAAE000280DF8 /* brewc.sh */; };
		2113F71E2361776D003C7DF7 /* FinderSync.m in Sources */ = {isa = PBXBuildFile; fileRef = 2113F71D2361776D003C7DF7 /* FinderSync.m */; };
		2113F7232361776D003C7DF7 /* FinderSync.appex in Embed App Extensions */ = {isa = PBXBuildFile; fileRef = 2113F71A2361776D003C7DF7 /* FinderSync.appex */; settings = {ATTRIBUTES = (RemoveHeadersOnCopy, ); }; };
		2113F72923617A74003C7DF7 /* capti.png in Resources */ = {isa = PBXBuildFile; fileRef = 2113F72823617A74003C7DF7 /* capti.png */; };
		2113F72D23619D56003C7DF7 /* UserDefault.m in Sources */ = {isa = PBXBuildFile; fileRef = 2113F72C23619D56003C7DF7 /* UserDefault.m */; };
		2113F72E23619D58003C7DF7 /* UserDefault.m in Sources */ = {isa = PBXBuildFile; fileRef = 2113F72C23619D56003C7DF7 /* UserDefault.m */; };
		218834FB246BF0C6008C0D08 /* installProtobuf.sh in Resources */ = {isa = PBXBuildFile; fileRef = 218834FA246BF0C6008C0D08 /* installProtobuf.sh */; };
		21A842D2215A4FE400C6E2C2 /* DefaultWC.m in Sources */ = {isa = PBXBuildFile; fileRef = 21A842D1215A4FE400C6E2C2 /* DefaultWC.m */; };
		21A842DA215B571F00C6E2C2 /* DSConst.m in Sources */ = {isa = PBXBuildFile; fileRef = 21A842D9215B571F00C6E2C2 /* DSConst.m */; };
		21D20FA9246CDB2400BD7648 /* Localizable.strings in Resources */ = {isa = PBXBuildFile; fileRef = 21D20FAB246CDB2400BD7648 /* Localizable.strings */; };
		CF292F6C21466B1B00CD1C78 /* OpenView.m in Sources */ = {isa = PBXBuildFile; fileRef = CF292F6B21466B1B00CD1C78 /* OpenView.m */; };
		CF3B07C321464B8600A2BA3C /* AppDelegate.m in Sources */ = {isa = PBXBuildFile; fileRef = CF3B07C221464B8600A2BA3C /* AppDelegate.m */; };
		CF3B07C621464B8600A2BA3C /* ViewController.m in Sources */ = {isa = PBXBuildFile; fileRef = CF3B07C521464B8600A2BA3C /* ViewController.m */; };
		CF3B07C821464B8800A2BA3C /* Assets.xcassets in Resources */ = {isa = PBXBuildFile; fileRef = CF3B07C721464B8800A2BA3C /* Assets.xcassets */; };
		CF3B07CB21464B8800A2BA3C /* Main.storyboard in Resources */ = {isa = PBXBuildFile; fileRef = CF3B07C921464B8800A2BA3C /* Main.storyboard */; };
		CF3B07CE21464B8800A2BA3C /* main.m in Sources */ = {isa = PBXBuildFile; fileRef = CF3B07CD21464B8800A2BA3C /* main.m */; };
		CF3B07D721464D4800A2BA3C /* STPrivilegedTask.m in Sources */ = {isa = PBXBuildFile; fileRef = CF3B07D521464D4800A2BA3C /* STPrivilegedTask.m */; };
/* End PBXBuildFile section */

/* Begin PBXContainerItemProxy section */
		2113F7212361776D003C7DF7 /* PBXContainerItemProxy */ = {
			isa = PBXContainerItemProxy;
			containerPortal = CF3B07B621464B8600A2BA3C /* Project object */;
			proxyType = 1;
			remoteGlobalIDString = 2113F7192361776D003C7DF7;
			remoteInfo = FinderSync;
		};
/* End PBXContainerItemProxy section */

/* Begin PBXCopyFilesBuildPhase section */
		2113F7242361776D003C7DF7 /* Embed App Extensions */ = {
			isa = PBXCopyFilesBuildPhase;
			buildActionMask = 2147483647;
			dstPath = "";
			dstSubfolderSpec = 13;
			files = (
				2113F7232361776D003C7DF7 /* FinderSync.appex in Embed App Extensions */,
			);
			name = "Embed App Extensions";
			runOnlyForDeploymentPostprocessing = 0;
		};
/* End PBXCopyFilesBuildPhase section */

/* Begin PBXFileReference section */
		210329C8214B920600280DF8 /* cc.sh */ = {isa = PBXFileReference; fileEncoding = 4; lastKnownFileType = text.script.sh; path = cc.sh; sourceTree = "<group>"; };
		210329D2214BAAE000280DF8 /* brewc.sh */ = {isa = PBXFileReference; fileEncoding = 4; lastKnownFileType = text.script.sh; path = brewc.sh; sourceTree = "<group>"; };
		2113F71A2361776D003C7DF7 /* FinderSync.appex */ = {isa = PBXFileReference; explicitFileType = "wrapper.app-extension"; includeInIndex = 0; path = FinderSync.appex; sourceTree = BUILT_PRODUCTS_DIR; };
		2113F71C2361776D003C7DF7 /* FinderSync.h */ = {isa = PBXFileReference; lastKnownFileType = sourcecode.c.h; path = FinderSync.h; sourceTree = "<group>"; };
		2113F71D2361776D003C7DF7 /* FinderSync.m */ = {isa = PBXFileReference; lastKnownFileType = sourcecode.c.objc; path = FinderSync.m; sourceTree = "<group>"; };
		2113F71F2361776D003C7DF7 /* Info.plist */ = {isa = PBXFileReference; lastKnownFileType = text.plist.xml; path = Info.plist; sourceTree = "<group>"; };
		2113F7202361776D003C7DF7 /* FinderSync.entitlements */ = {isa = PBXFileReference; lastKnownFileType = text.plist.entitlements; path = FinderSync.entitlements; sourceTree = "<group>"; };
		2113F72823617A74003C7DF7 /* capti.png */ = {isa = PBXFileReference; lastKnownFileType = image.png; path = capti.png; sourceTree = "<group>"; };
		2113F72B23619D56003C7DF7 /* UserDefault.h */ = {isa = PBXFileReference; lastKnownFileType = sourcecode.c.h; path = UserDefault.h; sourceTree = "<group>"; };
		2113F72C23619D56003C7DF7 /* UserDefault.m */ = {isa = PBXFileReference; lastKnownFileType = sourcecode.c.objc; path = UserDefault.m; sourceTree = "<group>"; };
		218834FA246BF0C6008C0D08 /* installProtobuf.sh */ = {isa = PBXFileReference; lastKnownFileType = text.script.sh; path = installProtobuf.sh; sourceTree = "<group>"; };
		21A842D0215A4FE400C6E2C2 /* DefaultWC.h */ = {isa = PBXFileReference; lastKnownFileType = sourcecode.c.h; path = DefaultWC.h; sourceTree = "<group>"; };
		21A842D1215A4FE400C6E2C2 /* DefaultWC.m */ = {isa = PBXFileReference; lastKnownFileType = sourcecode.c.objc; path = DefaultWC.m; sourceTree = "<group>"; };
		21A842D9215B571F00C6E2C2 /* DSConst.m */ = {isa = PBXFileReference; lastKnownFileType = sourcecode.c.objc; path = DSConst.m; sourceTree = "<group>"; };
		21D20FA6246CDAFA00BD7648 /* zh-Hans */ = {isa = PBXFileReference; lastKnownFileType = text.plist.strings; name = "zh-Hans"; path = "zh-Hans.lproj/Main.strings"; sourceTree = "<group>"; };
		21D20FAA246CDB2400BD7648 /* zh-Hans */ = {isa = PBXFileReference; lastKnownFileType = text.plist.strings; name = "zh-Hans"; path = "zh-Hans.lproj/Localizable.strings"; sourceTree = "<group>"; };
		21D20FAC246CDB2600BD7648 /* en */ = {isa = PBXFileReference; lastKnownFileType = text.plist.strings; name = en; path = en.lproj/Localizable.strings; sourceTree = "<group>"; };
		21D20FAE246CDB9100BD7648 /* en */ = {isa = PBXFileReference; lastKnownFileType = text.plist.strings; name = en; path = en.lproj/Main.strings; sourceTree = "<group>"; };
		CF292F6A21466B1B00CD1C78 /* OpenView.h */ = {isa = PBXFileReference; lastKnownFileType = sourcecode.c.h; path = OpenView.h; sourceTree = "<group>"; };
		CF292F6B21466B1B00CD1C78 /* OpenView.m */ = {isa = PBXFileReference; lastKnownFileType = sourcecode.c.objc; path = OpenView.m; sourceTree = "<group>"; };
		CF3B07BE21464B8600A2BA3C /* DSpersonProtobuf.app */ = {isa = PBXFileReference; explicitFileType = wrapper.application; includeInIndex = 0; path = DSpersonProtobuf.app; sourceTree = BUILT_PRODUCTS_DIR; };
		CF3B07C121464B8600A2BA3C /* AppDelegate.h */ = {isa = PBXFileReference; lastKnownFileType = sourcecode.c.h; path = AppDelegate.h; sourceTree = "<group>"; };
		CF3B07C221464B8600A2BA3C /* AppDelegate.m */ = {isa = PBXFileReference; lastKnownFileType = sourcecode.c.objc; path = AppDelegate.m; sourceTree = "<group>"; };
		CF3B07C421464B8600A2BA3C /* ViewController.h */ = {isa = PBXFileReference; lastKnownFileType = sourcecode.c.h; path = ViewController.h; sourceTree = "<group>"; };
		CF3B07C521464B8600A2BA3C /* ViewController.m */ = {isa = PBXFileReference; lastKnownFileType = sourcecode.c.objc; path = ViewController.m; sourceTree = "<group>"; };
		CF3B07C721464B8800A2BA3C /* Assets.xcassets */ = {isa = PBXFileReference; lastKnownFileType = folder.assetcatalog; path = Assets.xcassets; sourceTree = "<group>"; };
		CF3B07CA21464B8800A2BA3C /* Base */ = {isa = PBXFileReference; lastKnownFileType = file.storyboard; name = Base; path = Base.lproj/Main.storyboard; sourceTree = "<group>"; };
		CF3B07CC21464B8800A2BA3C /* Info.plist */ = {isa = PBXFileReference; lastKnownFileType = text.plist.xml; path = Info.plist; sourceTree = "<group>"; };
		CF3B07CD21464B8800A2BA3C /* main.m */ = {isa = PBXFileReference; lastKnownFileType = sourcecode.c.objc; path = main.m; sourceTree = "<group>"; };
		CF3B07D521464D4800A2BA3C /* STPrivilegedTask.m */ = {isa = PBXFileReference; fileEncoding = 4; lastKnownFileType = sourcecode.c.objc; path = STPrivilegedTask.m; sourceTree = "<group>"; };
		CF3B07D621464D4800A2BA3C /* STPrivilegedTask.h */ = {isa = PBXFileReference; fileEncoding = 4; lastKnownFileType = sourcecode.c.h; path = STPrivilegedTask.h; sourceTree = "<group>"; };
/* End PBXFileReference section */

/* Begin PBXFrameworksBuildPhase section */
		2113F7172361776D003C7DF7 /* Frameworks */ = {
			isa = PBXFrameworksBuildPhase;
			buildActionMask = 2147483647;
			files = (
			);
			runOnlyForDeploymentPostprocessing = 0;
		};
		CF3B07BB21464B8600A2BA3C /* Frameworks */ = {
			isa = PBXFrameworksBuildPhase;
			buildActionMask = 2147483647;
			files = (
			);
			runOnlyForDeploymentPostprocessing = 0;
		};
/* End PBXFrameworksBuildPhase section */

/* Begin PBXGroup section */
		2113F71B2361776D003C7DF7 /* FinderSync */ = {
			isa = PBXGroup;
			children = (
				2113F72823617A74003C7DF7 /* capti.png */,
				2113F71C2361776D003C7DF7 /* FinderSync.h */,
				2113F71D2361776D003C7DF7 /* FinderSync.m */,
				2113F71F2361776D003C7DF7 /* Info.plist */,
				2113F7202361776D003C7DF7 /* FinderSync.entitlements */,
			);
			path = FinderSync;
			sourceTree = "<group>";
		};
		CF3B07B521464B8600A2BA3C = {
			isa = PBXGroup;
			children = (
				CF3B07C021464B8600A2BA3C /* DSpersonProtobuf */,
				2113F71B2361776D003C7DF7 /* FinderSync */,
				CF3B07BF21464B8600A2BA3C /* Products */,
			);
			sourceTree = "<group>";
		};
		CF3B07BF21464B8600A2BA3C /* Products */ = {
			isa = PBXGroup;
			children = (
				CF3B07BE21464B8600A2BA3C /* DSpersonProtobuf.app */,
				2113F71A2361776D003C7DF7 /* FinderSync.appex */,
			);
			name = Products;
			sourceTree = "<group>";
		};
		CF3B07C021464B8600A2BA3C /* DSpersonProtobuf */ = {
			isa = PBXGroup;
			children = (
				210329C8214B920600280DF8 /* cc.sh */,
				218834FA246BF0C6008C0D08 /* installProtobuf.sh */,
				210329D2214BAAE000280DF8 /* brewc.sh */,
				CF3B07D621464D4800A2BA3C /* STPrivilegedTask.h */,
				CF3B07D521464D4800A2BA3C /* STPrivilegedTask.m */,
				CF3B07C121464B8600A2BA3C /* AppDelegate.h */,
				CF3B07C221464B8600A2BA3C /* AppDelegate.m */,
				CF3B07C421464B8600A2BA3C /* ViewController.h */,
				CF3B07C521464B8600A2BA3C /* ViewController.m */,
				CF292F6A21466B1B00CD1C78 /* OpenView.h */,
				CF292F6B21466B1B00CD1C78 /* OpenView.m */,
				21A842D0215A4FE400C6E2C2 /* DefaultWC.h */,
				21A842D1215A4FE400C6E2C2 /* DefaultWC.m */,
				21A842D9215B571F00C6E2C2 /* DSConst.m */,
				CF3B07C721464B8800A2BA3C /* Assets.xcassets */,
				CF3B07C921464B8800A2BA3C /* Main.storyboard */,
				CF3B07CC21464B8800A2BA3C /* Info.plist */,
				CF3B07CD21464B8800A2BA3C /* main.m */,
				2113F72B23619D56003C7DF7 /* UserDefault.h */,
				2113F72C23619D56003C7DF7 /* UserDefault.m */,
				21D20FAB246CDB2400BD7648 /* Localizable.strings */,
			);
			path = DSpersonProtobuf;
			sourceTree = "<group>";
		};
/* End PBXGroup section */

/* Begin PBXNativeTarget section */
		2113F7192361776D003C7DF7 /* FinderSync */ = {
			isa = PBXNativeTarget;
			buildConfigurationList = 2113F7272361776D003C7DF7 /* Build configuration list for PBXNativeTarget "FinderSync" */;
			buildPhases = (
				2113F7162361776D003C7DF7 /* Sources */,
				2113F7172361776D003C7DF7 /* Frameworks */,
				2113F7182361776D003C7DF7 /* Resources */,
			);
			buildRules = (
			);
			dependencies = (
			);
			name = FinderSync;
			productName = FinderSync;
			productReference = 2113F71A2361776D003C7DF7 /* FinderSync.appex */;
			productType = "com.apple.product-type.app-extension";
		};
		CF3B07BD21464B8600A2BA3C /* DSpersonProtobuf */ = {
			isa = PBXNativeTarget;
			buildConfigurationList = CF3B07D221464B8800A2BA3C /* Build configuration list for PBXNativeTarget "DSpersonProtobuf" */;
			buildPhases = (
				CF3B07BA21464B8600A2BA3C /* Sources */,
				CF3B07BB21464B8600A2BA3C /* Frameworks */,
				CF3B07BC21464B8600A2BA3C /* Resources */,
				2113F7242361776D003C7DF7 /* Embed App Extensions */,
			);
			buildRules = (
			);
			dependencies = (
				2113F7222361776D003C7DF7 /* PBXTargetDependency */,
			);
			name = DSpersonProtobuf;
			productName = DSpersonProtobuf;
			productReference = CF3B07BE21464B8600A2BA3C /* DSpersonProtobuf.app */;
			productType = "com.apple.product-type.application";
		};
/* End PBXNativeTarget section */

/* Begin PBXProject section */
		CF3B07B621464B8600A2BA3C /* Project object */ = {
			isa = PBXProject;
			attributes = {
				LastUpgradeCheck = 0940;
				ORGANIZATIONNAME = bat;
				TargetAttributes = {
					2113F7192361776D003C7DF7 = {
						CreatedOnToolsVersion = 11.1;
					};
					CF3B07BD21464B8600A2BA3C = {
						CreatedOnToolsVersion = 9.4.1;
						SystemCapabilities = {
							com.apple.Sandbox = {
								enabled = 0;
							};
						};
					};
				};
			};
			buildConfigurationList = CF3B07B921464B8600A2BA3C /* Build configuration list for PBXProject "DSpersonProtobuf" */;
			compatibilityVersion = "Xcode 9.3";
			developmentRegion = en;
			hasScannedForEncodings = 0;
			knownRegions = (
				en,
				Base,
				"zh-Hans",
			);
			mainGroup = CF3B07B521464B8600A2BA3C;
			productRefGroup = CF3B07BF21464B8600A2BA3C /* Products */;
			projectDirPath = "";
			projectRoot = "";
			targets = (
				CF3B07BD21464B8600A2BA3C /* DSpersonProtobuf */,
				2113F7192361776D003C7DF7 /* FinderSync */,
			);
		};
/* End PBXProject section */

/* Begin PBXResourcesBuildPhase section */
		2113F7182361776D003C7DF7 /* Resources */ = {
			isa = PBXResourcesBuildPhase;
			buildActionMask = 2147483647;
			files = (
				2113F72923617A74003C7DF7 /* capti.png in Resources */,
			);
			runOnlyForDeploymentPostprocessing = 0;
		};
		CF3B07BC21464B8600A2BA3C /* Resources */ = {
			isa = PBXResourcesBuildPhase;
			buildActionMask = 2147483647;
			files = (
				CF3B07C821464B8800A2BA3C /* Assets.xcassets in Resources */,
				21D20FA9246CDB2400BD7648 /* Localizable.strings in Resources */,
				218834FB246BF0C6008C0D08 /* installProtobuf.sh in Resources */,
				210329C9214B920600280DF8 /* cc.sh in Resources */,
				210329D3214BAAE000280DF8 /* brewc.sh in Resources */,
				CF3B07CB21464B8800A2BA3C /* Main.storyboard in Resources */,
			);
			runOnlyForDeploymentPostprocessing = 0;
		};
/* End PBXResourcesBuildPhase section */

/* Begin PBXSourcesBuildPhase section */
		2113F7162361776D003C7DF7 /* Sources */ = {
			isa = PBXSourcesBuildPhase;
			buildActionMask = 2147483647;
			files = (
				2113F72E23619D58003C7DF7 /* UserDefault.m in Sources */,
				2113F71E2361776D003C7DF7 /* FinderSync.m in Sources */,
			);
			runOnlyForDeploymentPostprocessing = 0;
		};
		CF3B07BA21464B8600A2BA3C /* Sources */ = {
			isa = PBXSourcesBuildPhase;
			buildActionMask = 2147483647;
			files = (
				CF3B07C621464B8600A2BA3C /* ViewController.m in Sources */,
				21A842D2215A4FE400C6E2C2 /* DefaultWC.m in Sources */,
				CF3B07CE21464B8800A2BA3C /* main.m in Sources */,
				CF3B07D721464D4800A2BA3C /* STPrivilegedTask.m in Sources */,
				2113F72D23619D56003C7DF7 /* UserDefault.m in Sources */,
				CF3B07C321464B8600A2BA3C /* AppDelegate.m in Sources */,
				CF292F6C21466B1B00CD1C78 /* OpenView.m in Sources */,
				21A842DA215B571F00C6E2C2 /* DSConst.m in Sources */,
			);
			runOnlyForDeploymentPostprocessing = 0;
		};
/* End PBXSourcesBuildPhase section */

/* Begin PBXTargetDependency section */
		2113F7222361776D003C7DF7 /* PBXTargetDependency */ = {
			isa = PBXTargetDependency;
			target = 2113F7192361776D003C7DF7 /* FinderSync */;
			targetProxy = 2113F7212361776D003C7DF7 /* PBXContainerItemProxy */;
		};
/* End PBXTargetDependency section */

/* Begin PBXVariantGroup section */
		21D20FAB246CDB2400BD7648 /* Localizable.strings */ = {
			isa = PBXVariantGroup;
			children = (
				21D20FAA246CDB2400BD7648 /* zh-Hans */,
				21D20FAC246CDB2600BD7648 /* en */,
			);
			name = Localizable.strings;
			sourceTree = "<group>";
		};
		CF3B07C921464B8800A2BA3C /* Main.storyboard */ = {
			isa = PBXVariantGroup;
			children = (
				CF3B07CA21464B8800A2BA3C /* Base */,
				21D20FA6246CDAFA00BD7648 /* zh-Hans */,
				21D20FAE246CDB9100BD7648 /* en */,
			);
			name = Main.storyboard;
			sourceTree = "<group>";
		};
/* End PBXVariantGroup section */

/* Begin XCBuildConfiguration section */
		2113F7252361776D003C7DF7 /* Debug */ = {
			isa = XCBuildConfiguration;
			buildSettings = {
				CODE_SIGN_ENTITLEMENTS = FinderSync/FinderSync.entitlements;
				CODE_SIGN_STYLE = Automatic;
				COMBINE_HIDPI_IMAGES = YES;
				DEVELOPMENT_TEAM = KB9FW2X72R;
				ENABLE_HARDENED_RUNTIME = YES;
				INFOPLIST_FILE = FinderSync/Info.plist;
				LD_RUNPATH_SEARCH_PATHS = (
					"$(inherited)",
					"@executable_path/../Frameworks",
					"@executable_path/../../../../Frameworks",
				);
				MACOSX_DEPLOYMENT_TARGET = 10.13;
				MTL_ENABLE_DEBUG_INFO = INCLUDE_SOURCE;
				MTL_FAST_MATH = YES;
				PRODUCT_BUNDLE_IDENTIFIER = bat.DSpersonProtobuf.FinderSync;
				PRODUCT_NAME = "$(TARGET_NAME)";
				SKIP_INSTALL = YES;
			};
			name = Debug;
		};
		2113F7262361776D003C7DF7 /* Release */ = {
			isa = XCBuildConfiguration;
			buildSettings = {
				CODE_SIGN_ENTITLEMENTS = FinderSync/FinderSync.entitlements;
				CODE_SIGN_STYLE = Automatic;
				COMBINE_HIDPI_IMAGES = YES;
				DEVELOPMENT_TEAM = KB9FW2X72R;
				ENABLE_HARDENED_RUNTIME = YES;
				INFOPLIST_FILE = FinderSync/Info.plist;
				LD_RUNPATH_SEARCH_PATHS = (
					"$(inherited)",
					"@executable_path/../Frameworks",
					"@executable_path/../../../../Frameworks",
				);
				MACOSX_DEPLOYMENT_TARGET = 10.13;
				MTL_FAST_MATH = YES;
				PRODUCT_BUNDLE_IDENTIFIER = bat.DSpersonProtobuf.FinderSync;
				PRODUCT_NAME = "$(TARGET_NAME)";
				SKIP_INSTALL = YES;
			};
			name = Release;
		};
		CF3B07D021464B8800A2BA3C /* Debug */ = {
			isa = XCBuildConfiguration;
			buildSettings = {
				ALWAYS_SEARCH_USER_PATHS = NO;
				CLANG_ANALYZER_LOCALIZABILITY_NONLOCALIZED = YES;
				CLANG_ANALYZER_NONNULL = YES;
				CLANG_ANALYZER_NUMBER_OBJECT_CONVERSION = YES_AGGRESSIVE;
				CLANG_CXX_LANGUAGE_STANDARD = "gnu++14";
				CLANG_CXX_LIBRARY = "libc++";
				CLANG_ENABLE_MODULES = YES;
				CLANG_ENABLE_OBJC_ARC = YES;
				CLANG_ENABLE_OBJC_WEAK = YES;
				CLANG_WARN_BLOCK_CAPTURE_AUTORELEASING = YES;
				CLANG_WARN_BOOL_CONVERSION = YES;
				CLANG_WARN_COMMA = YES;
				CLANG_WARN_CONSTANT_CONVERSION = YES;
				CLANG_WARN_DEPRECATED_OBJC_IMPLEMENTATIONS = YES;
				CLANG_WARN_DIRECT_OBJC_ISA_USAGE = YES_ERROR;
				CLANG_WARN_DOCUMENTATION_COMMENTS = YES;
				CLANG_WARN_EMPTY_BODY = YES;
				CLANG_WARN_ENUM_CONVERSION = YES;
				CLANG_WARN_INFINITE_RECURSION = YES;
				CLANG_WARN_INT_CONVERSION = YES;
				CLANG_WARN_NON_LITERAL_NULL_CONVERSION = YES;
				CLANG_WARN_OBJC_IMPLICIT_RETAIN_SELF = YES;
				CLANG_WARN_OBJC_LITERAL_CONVERSION = YES;
				CLANG_WARN_OBJC_ROOT_CLASS = YES_ERROR;
				CLANG_WARN_RANGE_LOOP_ANALYSIS = YES;
				CLANG_WARN_STRICT_PROTOTYPES = YES;
				CLANG_WARN_SUSPICIOUS_MOVE = YES;
				CLANG_WARN_UNGUARDED_AVAILABILITY = YES_AGGRESSIVE;
				CLANG_WARN_UNREACHABLE_CODE = YES;
				CLANG_WARN__DUPLICATE_METHOD_MATCH = YES;
				CODE_SIGN_IDENTITY = "Mac Developer";
				COPY_PHASE_STRIP = NO;
				DEBUG_INFORMATION_FORMAT = dwarf;
				ENABLE_STRICT_OBJC_MSGSEND = YES;
				ENABLE_TESTABILITY = YES;
				GCC_C_LANGUAGE_STANDARD = gnu11;
				GCC_DYNAMIC_NO_PIC = NO;
				GCC_NO_COMMON_BLOCKS = YES;
				GCC_OPTIMIZATION_LEVEL = 0;
				GCC_PREPROCESSOR_DEFINITIONS = (
					"DEBUG=1",
					"$(inherited)",
				);
				GCC_WARN_64_TO_32_BIT_CONVERSION = YES;
				GCC_WARN_ABOUT_RETURN_TYPE = YES_ERROR;
				GCC_WARN_UNDECLARED_SELECTOR = YES;
				GCC_WARN_UNINITIALIZED_AUTOS = YES_AGGRESSIVE;
				GCC_WARN_UNUSED_FUNCTION = YES;
				GCC_WARN_UNUSED_VARIABLE = YES;
				MACOSX_DEPLOYMENT_TARGET = 10.13;
				MTL_ENABLE_DEBUG_INFO = YES;
				ONLY_ACTIVE_ARCH = YES;
				SDKROOT = macosx;
			};
			name = Debug;
		};
		CF3B07D121464B8800A2BA3C /* Release */ = {
			isa = XCBuildConfiguration;
			buildSettings = {
				ALWAYS_SEARCH_USER_PATHS = NO;
				CLANG_ANALYZER_LOCALIZABILITY_NONLOCALIZED = YES;
				CLANG_ANALYZER_NONNULL = YES;
				CLANG_ANALYZER_NUMBER_OBJECT_CONVERSION = YES_AGGRESSIVE;
				CLANG_CXX_LANGUAGE_STANDARD = "gnu++14";
				CLANG_CXX_LIBRARY = "libc++";
				CLANG_ENABLE_MODULES = YES;
				CLANG_ENABLE_OBJC_ARC = YES;
				CLANG_ENABLE_OBJC_WEAK = YES;
				CLANG_WARN_BLOCK_CAPTURE_AUTORELEASING = YES;
				CLANG_WARN_BOOL_CONVERSION = YES;
				CLANG_WARN_COMMA = YES;
				CLANG_WARN_CONSTANT_CONVERSION = YES;
				CLANG_WARN_DEPRECATED_OBJC_IMPLEMENTATIONS = YES;
				CLANG_WARN_DIRECT_OBJC_ISA_USAGE = YES_ERROR;
				CLANG_WARN_DOCUMENTATION_COMMENTS = YES;
				CLANG_WARN_EMPTY_BODY = YES;
				CLANG_WARN_ENUM_CONVERSION = YES;
				CLANG_WARN_INFINITE_RECURSION = YES;
				CLANG_WARN_INT_CONVERSION = YES;
				CLANG_WARN_NON_LITERAL_NULL_CONVERSION = YES;
				CLANG_WARN_OBJC_IMPLICIT_RETAIN_SELF = YES;
				CLANG_WARN_OBJC_LITERAL_CONVERSION = YES;
				CLANG_WARN_OBJC_ROOT_CLASS = YES_ERROR;
				CLANG_WARN_RANGE_LOOP_ANALYSIS = YES;
				CLANG_WARN_STRICT_PROTOTYPES = YES;
				CLANG_WARN_SUSPICIOUS_MOVE = YES;
				CLANG_WARN_UNGUARDED_AVAILABILITY = YES_AGGRESSIVE;
				CLANG_WARN_UNREACHABLE_CODE = YES;
				CLANG_WARN__DUPLICATE_METHOD_MATCH = YES;
				CODE_SIGN_IDENTITY = "Mac Developer";
				COPY_PHASE_STRIP = NO;
				DEBUG_INFORMATION_FORMAT = "dwarf-with-dsym";
				ENABLE_NS_ASSERTIONS = NO;
				ENABLE_STRICT_OBJC_MSGSEND = YES;
				GCC_C_LANGUAGE_STANDARD = gnu11;
				GCC_NO_COMMON_BLOCKS = YES;
				GCC_WARN_64_TO_32_BIT_CONVERSION = YES;
				GCC_WARN_ABOUT_RETURN_TYPE = YES_ERROR;
				GCC_WARN_UNDECLARED_SELECTOR = YES;
				GCC_WARN_UNINITIALIZED_AUTOS = YES_AGGRESSIVE;
				GCC_WARN_UNUSED_FUNCTION = YES;
				GCC_WARN_UNUSED_VARIABLE = YES;
				MACOSX_DEPLOYMENT_TARGET = 10.13;
				MTL_ENABLE_DEBUG_INFO = NO;
				SDKROOT = macosx;
			};
			name = Release;
		};
		CF3B07D321464B8800A2BA3C /* Debug */ = {
			isa = XCBuildConfiguration;
			buildSettings = {
				ASSETCATALOG_COMPILER_APPICON_NAME = AppIcon;
				CODE_SIGN_ENTITLEMENTS = DSpersonProtobuf/DSpersonProtobuf.entitlements;
				CODE_SIGN_STYLE = Automatic;
				COMBINE_HIDPI_IMAGES = YES;
				DEVELOPMENT_TEAM = KB9FW2X72R;
				INFOPLIST_FILE = DSpersonProtobuf/Info.plist;
				LD_RUNPATH_SEARCH_PATHS = (
					"$(inherited)",
					"@executable_path/../Frameworks",
				);
				LIBRARY_SEARCH_PATHS = (
					"$(inherited)",
					"$(PROJECT_DIR)/DSpersonProtobuf/Protoc/lib",
					"$(PROJECT_DIR)/DSpersonProtobuf",
				);
				MACOSX_DEPLOYMENT_TARGET = 10.13;
				PRODUCT_BUNDLE_IDENTIFIER = bat.DSpersonProtobuf;
				PRODUCT_NAME = "$(TARGET_NAME)";
			};
			name = Debug;
		};
		CF3B07D421464B8800A2BA3C /* Release */ = {
			isa = XCBuildConfiguration;
			buildSettings = {
				ASSETCATALOG_COMPILER_APPICON_NAME = AppIcon;
				CODE_SIGN_ENTITLEMENTS = DSpersonProtobuf/DSpersonProtobuf.entitlements;
				CODE_SIGN_STYLE = Automatic;
				COMBINE_HIDPI_IMAGES = YES;
				DEVELOPMENT_TEAM = KB9FW2X72R;
				INFOPLIST_FILE = DSpersonProtobuf/Info.plist;
				LD_RUNPATH_SEARCH_PATHS = (
					"$(inherited)",
					"@executable_path/../Frameworks",
				);
				LIBRARY_SEARCH_PATHS = (
					"$(inherited)",
					"$(PROJECT_DIR)/DSpersonProtobuf/Protoc/lib",
					"$(PROJECT_DIR)/DSpersonProtobuf",
				);
				MACOSX_DEPLOYMENT_TARGET = 10.13;
				PRODUCT_BUNDLE_IDENTIFIER = bat.DSpersonProtobuf;
				PRODUCT_NAME = "$(TARGET_NAME)";
			};
			name = Release;
		};
/* End XCBuildConfiguration section */

/* Begin XCConfigurationList section */
		2113F7272361776D003C7DF7 /* Build configuration list for PBXNativeTarget "FinderSync" */ = {
			isa = XCConfigurationList;
			buildConfigurations = (
				2113F7252361776D003C7DF7 /* Debug */,
				2113F7262361776D003C7DF7 /* Release */,
			);
			defaultConfigurationIsVisible = 0;
			defaultConfigurationName = Release;
		};
		CF3B07B921464B8600A2BA3C /* Build configuration list for PBXProject "DSpersonProtobuf" */ = {
			isa = XCConfigurationList;
			buildConfigurations = (
				CF3B07D021464B8800A2BA3C /* Debug */,
				CF3B07D121464B8800A2BA3C /* Release */,
			);
			defaultConfigurationIsVisible = 0;
			defaultConfigurationName = Release;
		};
		CF3B07D221464B8800A2BA3C /* Build configuration list for PBXNativeTarget "DSpersonProtobuf" */ = {
			isa = XCConfigurationList;
			buildConfigurations = (
				CF3B07D321464B8800A2BA3C /* Debug */,
				CF3B07D421464B8800A2BA3C /* Release */,
			);
			defaultConfigurationIsVisible = 0;
			defaultConfigurationName = Release;
		};
/* End XCConfigurationList section */
	};
	rootObject = CF3B07B621464B8600A2BA3C /* Project object */;
}
